// !$*UTF8*$!
{
	archiveVersion = 1;
	classes = {
	};
	objectVersion = 46;
	objects = {

/* Begin PBXBuildFile section */
		0EC4C4061D1D410B00E4F40B /* backGroundApp.jpg in Resources */ = {isa = PBXBuildFile; fileRef = 0EC4C4041D1D410B00E4F40B /* backGroundApp.jpg */; };
		0EC4C4071D1D410B00E4F40B /* backGroundApp2.jpg in Resources */ = {isa = PBXBuildFile; fileRef = 0EC4C4051D1D410B00E4F40B /* backGroundApp2.jpg */; };
		0ED2CF031D1A9ECE00BAC74B /* AppDelegate.swift in Sources */ = {isa = PBXBuildFile; fileRef = 0ED2CF021D1A9ECE00BAC74B /* AppDelegate.swift */; };
		0ED2CF051D1A9ECE00BAC74B /* ViewController.swift in Sources */ = {isa = PBXBuildFile; fileRef = 0ED2CF041D1A9ECE00BAC74B /* ViewController.swift */; };
		0ED2CF081D1A9ECE00BAC74B /* Main.storyboard in Resources */ = {isa = PBXBuildFile; fileRef = 0ED2CF061D1A9ECE00BAC74B /* Main.storyboard */; };
		0ED2CF0A1D1A9ECE00BAC74B /* Assets.xcassets in Resources */ = {isa = PBXBuildFile; fileRef = 0ED2CF091D1A9ECE00BAC74B /* Assets.xcassets */; };
		0ED2CF0D1D1A9ECE00BAC74B /* LaunchScreen.storyboard in Resources */ = {isa = PBXBuildFile; fileRef = 0ED2CF0B1D1A9ECE00BAC74B /* LaunchScreen.storyboard */; };
		0ED2CF1A1D1AA49000BAC74B /* BGMathKids.jpg in Resources */ = {isa = PBXBuildFile; fileRef = 0ED2CF151D1AA49000BAC74B /* BGMathKids.jpg */; };
		0ED2CF1B1D1AA49000BAC74B /* cute-funny-animals-wooden-board-wild-cartoon-background-blank-your-massage-48486779.jpg in Resources */ = {isa = PBXBuildFile; fileRef = 0ED2CF161D1AA49000BAC74B /* cute-funny-animals-wooden-board-wild-cartoon-background-blank-your-massage-48486779.jpg */; };
		0ED2CF1C1D1AA49000BAC74B /* note1.jpg in Resources */ = {isa = PBXBuildFile; fileRef = 0ED2CF171D1AA49000BAC74B /* note1.jpg */; };
		0ED2CF1D1D1AA49000BAC74B /* note2.jpg in Resources */ = {isa = PBXBuildFile; fileRef = 0ED2CF181D1AA49000BAC74B /* note2.jpg */; };
		0ED2CF1E1D1AA49000BAC74B /* note3.jpg in Resources */ = {isa = PBXBuildFile; fileRef = 0ED2CF191D1AA49000BAC74B /* note3.jpg */; };
/* End PBXBuildFile section */

/* Begin PBXFileReference section */
		0EC4C4041D1D410B00E4F40B /* backGroundApp.jpg */ = {isa = PBXFileReference; lastKnownFileType = image.jpeg; path = backGroundApp.jpg; sourceTree = "<group>"; };
		0EC4C4051D1D410B00E4F40B /* backGroundApp2.jpg */ = {isa = PBXFileReference; lastKnownFileType = image.jpeg; path = backGroundApp2.jpg; sourceTree = "<group>"; };
		0ED2CEFF1D1A9ECE00BAC74B /* MathForKid.app */ = {isa = PBXFileReference; explicitFileType = wrapper.application; includeInIndex = 0; path = MathForKid.app; sourceTree = BUILT_PRODUCTS_DIR; };
		0ED2CF021D1A9ECE00BAC74B /* AppDelegate.swift */ = {isa = PBXFileReference; lastKnownFileType = sourcecode.swift; path = AppDelegate.swift; sourceTree = "<group>"; };
		0ED2CF041D1A9ECE00BAC74B /* ViewController.swift */ = {isa = PBXFileReference; lastKnownFileType = sourcecode.swift; path = ViewController.swift; sourceTree = "<group>"; };
		0ED2CF071D1A9ECE00BAC74B /* Base */ = {isa = PBXFileReference; lastKnownFileType = file.storyboard; name = Base; path = Base.lproj/Main.storyboard; sourceTree = "<group>"; };
		0ED2CF091D1A9ECE00BAC74B /* Assets.xcassets */ = {isa = PBXFileReference; lastKnownFileType = folder.assetcatalog; path = Assets.xcassets; sourceTree = "<group>"; };
		0ED2CF0C1D1A9ECE00BAC74B /* Base */ = {isa = PBXFileReference; lastKnownFileType = file.storyboard; name = Base; path = Base.lproj/LaunchScreen.storyboard; sourceTree = "<group>"; };
		0ED2CF0E1D1A9ECE00BAC74B /* Info.plist */ = {isa = PBXFileReference; lastKnownFileType = text.plist.xml; path = Info.plist; sourceTree = "<group>"; };
		0ED2CF151D1AA49000BAC74B /* BGMathKids.jpg */ = {isa = PBXFileReference; lastKnownFileType = image.jpeg; path = BGMathKids.jpg; sourceTree = "<group>"; };
		0ED2CF161D1AA49000BAC74B /* cute-funny-animals-wooden-board-wild-cartoon-background-blank-your-massage-48486779.jpg */ = {isa = PBXFileReference; lastKnownFileType = image.jpeg; path = "cute-funny-animals-wooden-board-wild-cartoon-background-blank-your-massage-48486779.jpg"; sourceTree = "<group>"; };
		0ED2CF171D1AA49000BAC74B /* note1.jpg */ = {isa = PBXFileReference; lastKnownFileType = image.jpeg; path = note1.jpg; sourceTree = "<group>"; };
		0ED2CF181D1AA49000BAC74B /* note2.jpg */ = {isa = PBXFileReference; lastKnownFileType = image.jpeg; path = note2.jpg; sourceTree = "<group>"; };
		0ED2CF191D1AA49000BAC74B /* note3.jpg */ = {isa = PBXFileReference; lastKnownFileType = image.jpeg; path = note3.jpg; sourceTree = "<group>"; };
/* End PBXFileReference section */

/* Begin PBXFrameworksBuildPhase section */
		0ED2CEFC1D1A9ECE00BAC74B /* Frameworks */ = {
			isa = PBXFrameworksBuildPhase;
			buildActionMask = 2147483647;
			files = (
			);
			runOnlyForDeploymentPostprocessing = 0;
		};
/* End PBXFrameworksBuildPhase section */

/* Begin PBXGroup section */
		0ED2CEF61D1A9ECE00BAC74B = {
			isa = PBXGroup;
			children = (
				0ED2CF011D1A9ECE00BAC74B /* MathForKid */,
				0ED2CF001D1A9ECE00BAC74B /* Products */,
			);
			sourceTree = "<group>";
		};
		0ED2CF001D1A9ECE00BAC74B /* Products */ = {
			isa = PBXGroup;
			children = (
				0ED2CEFF1D1A9ECE00BAC74B /* MathForKid.app */,
			);
			name = Products;
			sourceTree = "<group>";
		};
		0ED2CF011D1A9ECE00BAC74B /* MathForKid */ = {
			isa = PBXGroup;
			children = (
				0ED2CF141D1AA36A00BAC74B /* Resource */,
				0ED2CF021D1A9ECE00BAC74B /* AppDelegate.swift */,
				0ED2CF041D1A9ECE00BAC74B /* ViewController.swift */,
				0ED2CF061D1A9ECE00BAC74B /* Main.storyboard */,
				0ED2CF091D1A9ECE00BAC74B /* Assets.xcassets */,
				0ED2CF0B1D1A9ECE00BAC74B /* LaunchScreen.storyboard */,
				0ED2CF0E1D1A9ECE00BAC74B /* Info.plist */,
			);
			path = MathForKid;
			sourceTree = "<group>";
		};
		0ED2CF141D1AA36A00BAC74B /* Resource */ = {
			isa = PBXGroup;
			children = (
				0EC4C4041D1D410B00E4F40B /* backGroundApp.jpg */,
				0EC4C4051D1D410B00E4F40B /* backGroundApp2.jpg */,
				0ED2CF151D1AA49000BAC74B /* BGMathKids.jpg */,
				0ED2CF161D1AA49000BAC74B /* cute-funny-animals-wooden-board-wild-cartoon-background-blank-your-massage-48486779.jpg */,
				0ED2CF171D1AA49000BAC74B /* note1.jpg */,
				0ED2CF181D1AA49000BAC74B /* note2.jpg */,
				0ED2CF191D1AA49000BAC74B /* note3.jpg */,
			);
			name = Resource;
			sourceTree = "<group>";
		};
/* End PBXGroup section */

/* Begin PBXNativeTarget section */
		0ED2CEFE1D1A9ECE00BAC74B /* MathForKid */ = {
			isa = PBXNativeTarget;
			buildConfigurationList = 0ED2CF111D1A9ECE00BAC74B /* Build configuration list for PBXNativeTarget "MathForKid" */;
			buildPhases = (
				0ED2CEFB1D1A9ECE00BAC74B /* Sources */,
				0ED2CEFC1D1A9ECE00BAC74B /* Frameworks */,
				0ED2CEFD1D1A9ECE00BAC74B /* Resources */,
			);
			buildRules = (
			);
			dependencies = (
			);
			name = MathForKid;
			productName = MathForKid;
			productReference = 0ED2CEFF1D1A9ECE00BAC74B /* MathForKid.app */;
			productType = "com.apple.product-type.application";
		};
/* End PBXNativeTarget section */

/* Begin PBXProject section */
		0ED2CEF71D1A9ECE00BAC74B /* Project object */ = {
			isa = PBXProject;
			attributes = {
				LastSwiftUpdateCheck = 0710;
				LastUpgradeCheck = 0710;
				ORGANIZATIONNAME = MobileSoftware;
				TargetAttributes = {
					0ED2CEFE1D1A9ECE00BAC74B = {
						CreatedOnToolsVersion = 7.1;
					};
				};
			};
			buildConfigurationList = 0ED2CEFA1D1A9ECE00BAC74B /* Build configuration list for PBXProject "MathForKid" */;
			compatibilityVersion = "Xcode 3.2";
			developmentRegion = English;
			hasScannedForEncodings = 0;
			knownRegions = (
				en,
				Base,
			);
			mainGroup = 0ED2CEF61D1A9ECE00BAC74B;
			productRefGroup = 0ED2CF001D1A9ECE00BAC74B /* Products */;
			projectDirPath = "";
			projectRoot = "";
			targets = (
				0ED2CEFE1D1A9ECE00BAC74B /* MathForKid */,
			);
		};
/* End PBXProject section */

/* Begin PBXResourcesBuildPhase section */
		0ED2CEFD1D1A9ECE00BAC74B /* Resources */ = {
			isa = PBXResourcesBuildPhase;
			buildActionMask = 2147483647;
			files = (
				0ED2CF0D1D1A9ECE00BAC74B /* LaunchScreen.storyboard in Resources */,
				0ED2CF1E1D1AA49000BAC74B /* note3.jpg in Resources */,
				0ED2CF1B1D1AA49000BAC74B /* cute-funny-animals-wooden-board-wild-cartoon-background-blank-your-massage-48486779.jpg in Resources */,
				0ED2CF0A1D1A9ECE00BAC74B /* Assets.xcassets in Resources */,
				0EC4C4061D1D410B00E4F40B /* backGroundApp.jpg in Resources */,
				0ED2CF1D1D1AA49000BAC74B /* note2.jpg in Resources */,
				0ED2CF1C1D1AA49000BAC74B /* note1.jpg in Resources */,
				0ED2CF081D1A9ECE00BAC74B /* Main.storyboard in Resources */,
				0EC4C4071D1D410B00E4F40B /* backGroundApp2.jpg in Resources */,
				0ED2CF1A1D1AA49000BAC74B /* BGMathKids.jpg in Resources */,
			);
			runOnlyForDeploymentPostprocessing = 0;
		};
/* End PBXResourcesBuildPhase section */

/* Begin PBXSourcesBuildPhase section */
		0ED2CEFB1D1A9ECE00BAC74B /* Sources */ = {
			isa = PBXSourcesBuildPhase;
			buildActionMask = 2147483647;
			files = (
				0ED2CF051D1A9ECE00BAC74B /* ViewController.swift in Sources */,
				0ED2CF031D1A9ECE00BAC74B /* AppDelegate.swift in Sources */,
			);
			runOnlyForDeploymentPostprocessing = 0;
		};
/* End PBXSourcesBuildPhase section */

/* Begin PBXVariantGroup section */
		0ED2CF061D1A9ECE00BAC74B /* Main.storyboard */ = {
			isa = PBXVariantGroup;
			children = (
				0ED2CF071D1A9ECE00BAC74B /* Base */,
			);
			name = Main.storyboard;
			sourceTree = "<group>";
		};
		0ED2CF0B1D1A9ECE00BAC74B /* LaunchScreen.storyboard */ = {
			isa = PBXVariantGroup;
			children = (
				0ED2CF0C1D1A9ECE00BAC74B /* Base */,
			);
			name = LaunchScreen.storyboard;
			sourceTree = "<group>";
		};
/* End PBXVariantGroup section */

/* Begin XCBuildConfiguration section */
		0ED2CF0F1D1A9ECE00BAC74B /* Debug */ = {
			isa = XCBuildConfiguration;
			buildSettings = {
				ALWAYS_SEARCH_USER_PATHS = NO;
				CLANG_CXX_LANGUAGE_STANDARD = "gnu++0x";
				CLANG_CXX_LIBRARY = "libc++";
				CLANG_ENABLE_MODULES = YES;
				CLANG_ENABLE_OBJC_ARC = YES;
				CLANG_WARN_BOOL_CONVERSION = YES;
				CLANG_WARN_CONSTANT_CONVERSION = YES;
				CLANG_WARN_DIRECT_OBJC_ISA_USAGE = YES_ERROR;
				CLANG_WARN_EMPTY_BODY = YES;
				CLANG_WARN_ENUM_CONVERSION = YES;
				CLANG_WARN_INT_CONVERSION = YES;
				CLANG_WARN_OBJC_ROOT_CLASS = YES_ERROR;
				CLANG_WARN_UNREACHABLE_CODE = YES;
				CLANG_WARN__DUPLICATE_METHOD_MATCH = YES;
				"CODE_SIGN_IDENTITY[sdk=iphoneos*]" = "iPhone Developer";
				COPY_PHASE_STRIP = NO;
				DEBUG_INFORMATION_FORMAT = dwarf;
				ENABLE_STRICT_OBJC_MSGSEND = YES;
				ENABLE_TESTABILITY = YES;
				GCC_C_LANGUAGE_STANDARD = gnu99;
				GCC_DYNAMIC_NO_PIC = NO;
				GCC_NO_COMMON_BLOCKS = YES;
				GCC_OPTIMIZATION_LEVEL = 0;
				GCC_PREPROCESSOR_DEFINITIONS = (
					"DEBUG=1",
					"$(inherited)",
				);
				GCC_WARN_64_TO_32_BIT_CONVERSION = YES;
				GCC_WARN_ABOUT_RETURN_TYPE = YES_ERROR;
				GCC_WARN_UNDECLARED_SELECTOR = YES;
				GCC_WARN_UNINITIALIZED_AUTOS = YES_AGGRESSIVE;
				GCC_WARN_UNUSED_FUNCTION = YES;
				GCC_WARN_UNUSED_VARIABLE = YES;
				IPHONEOS_DEPLOYMENT_TARGET = 9.1;
				MTL_ENABLE_DEBUG_INFO = YES;
				ONLY_ACTIVE_ARCH = YES;
				SDKROOT = iphoneos;
				SWIFT_OPTIMIZATION_LEVEL = "-Onone";
				TARGETED_DEVICE_FAMILY = "1,2";
			};
			name = Debug;
		};
		0ED2CF101D1A9ECE00BAC74B /* Release */ = {
			isa = XCBuildConfiguration;
			buildSettings = {
				ALWAYS_SEARCH_USER_PATHS = NO;
				CLANG_CXX_LANGUAGE_STANDARD = "gnu++0x";
				CLANG_CXX_LIBRARY = "libc++";
				CLANG_ENABLE_MODULES = YES;
				CLANG_ENABLE_OBJC_ARC = YES;
				CLANG_WARN_BOOL_CONVERSION = YES;
				CLANG_WARN_CONSTANT_CONVERSION = YES;
				CLANG_WARN_DIRECT_OBJC_ISA_USAGE = YES_ERROR;
				CLANG_WARN_EMPTY_BODY = YES;
				CLANG_WARN_ENUM_CONVERSION = YES;
				CLANG_WARN_INT_CONVERSION = YES;
				CLANG_WARN_OBJC_ROOT_CLASS = YES_ERROR;
				CLANG_WARN_UNREACHABLE_CODE = YES;
				CLANG_WARN__DUPLICATE_METHOD_MATCH = YES;
				"CODE_SIGN_IDENTITY[sdk=iphoneos*]" = "iPhone Developer";
				COPY_PHASE_STRIP = NO;
				DEBUG_INFORMATION_FORMAT = "dwarf-with-dsym";
				ENABLE_NS_ASSERTIONS = NO;
				ENABLE_STRICT_OBJC_MSGSEND = YES;
				GCC_C_LANGUAGE_STANDARD = gnu99;
				GCC_NO_COMMON_BLOCKS = YES;
				GCC_WARN_64_TO_32_BIT_CONVERSION = YES;
				GCC_WARN_ABOUT_RETURN_TYPE = YES_ERROR;
				GCC_WARN_UNDECLARED_SELECTOR = YES;
				GCC_WARN_UNINITIALIZED_AUTOS = YES_AGGRESSIVE;
				GCC_WARN_UNUSED_FUNCTION = YES;
				GCC_WARN_UNUSED_VARIABLE = YES;
				IPHONEOS_DEPLOYMENT_TARGET = 9.1;
				MTL_ENABLE_DEBUG_INFO = NO;
				SDKROOT = iphoneos;
				TARGETED_DEVICE_FAMILY = "1,2";
				VALIDATE_PRODUCT = YES;
			};
			name = Release;
		};
		0ED2CF121D1A9ECE00BAC74B /* Debug */ = {
			isa = XCBuildConfiguration;
			buildSettings = {
				ASSETCATALOG_COMPILER_APPICON_NAME = AppIcon;
				INFOPLIST_FILE = MathForKid/Info.plist;
				LD_RUNPATH_SEARCH_PATHS = "$(inherited) @executable_path/Frameworks";
				PRODUCT_BUNDLE_IDENTIFIER = vn.mobilesoftware.MathForKid;
				PRODUCT_NAME = "$(TARGET_NAME)";
			};
			name = Debug;
		};
		0ED2CF131D1A9ECE00BAC74B /* Release */ = {
			isa = XCBuildConfiguration;
			buildSettings = {
				ASSETCATALOG_COMPILER_APPICON_NAME = AppIcon;
				INFOPLIST_FILE = MathForKid/Info.plist;
				LD_RUNPATH_SEARCH_PATHS = "$(inherited) @executable_path/Frameworks";
				PRODUCT_BUNDLE_IDENTIFIER = vn.mobilesoftware.MathForKid;
				PRODUCT_NAME = "$(TARGET_NAME)";
			};
			name = Release;
		};
/* End XCBuildConfiguration section */

/* Begin XCConfigurationList section */
		0ED2CEFA1D1A9ECE00BAC74B /* Build configuration list for PBXProject "MathForKid" */ = {
			isa = XCConfigurationList;
			buildConfigurations = (
				0ED2CF0F1D1A9ECE00BAC74B /* Debug */,
				0ED2CF101D1A9ECE00BAC74B /* Release */,
			);
			defaultConfigurationIsVisible = 0;
			defaultConfigurationName = Release;
		};
		0ED2CF111D1A9ECE00BAC74B /* Build configuration list for PBXNativeTarget "MathForKid" */ = {
			isa = XCConfigurationList;
			buildConfigurations = (
				0ED2CF121D1A9ECE00BAC74B /* Debug */,
				0ED2CF131D1A9ECE00BAC74B /* Release */,
			);
			defaultConfigurationIsVisible = 0;
			defaultConfigurationName = Release;
		};
/* End XCConfigurationList section */
	};
	rootObject = 0ED2CEF71D1A9ECE00BAC74B /* Project object */;
}
